
Microsoft Visual Studio Solution File, Format Version 12.00
# Visual Studio Version 17
VisualStudioVersion = 17.5.33414.496
MinimumVisualStudioVersion = 10.0.40219.1
Project("{FAE04EC0-301F-11D3-BF4B-00C04F79EFBC}") = "ProductsWebApp", "ProductsWebApp\ProductsWebApp.csproj", "{A3E81A30-644D-497B-BE4B-254B76411519}"
EndProject
Global
	GlobalSection(SolutionConfigurationPlatforms) = preSolution
		Debug|Any CPU = Debug|Any CPU
		Release|Any CPU = Release|Any CPU
	EndGlobalSection
	GlobalSection(ProjectConfigurationPlatforms) = postSolution
		{A3E81A30-644D-497B-BE4B-254B76411519}.Debug|Any CPU.ActiveCfg = Debug|Any CPU
		{A3E81A30-644D-497B-BE4B-254B76411519}.Debug|Any CPU.Build.0 = Debug|Any CPU
		{A3E81A30-644D-497B-BE4B-254B76411519}.Release|Any CPU.ActiveCfg = Release|Any CPU
		{A3E81A30-644D-497B-BE4B-254B76411519}.Release|Any CPU.Build.0 = Release|Any CPU
	EndGlobalSection
	GlobalSection(SolutionProperties) = preSolution
		HideSolutionNode = FALSE
	EndGlobalSection
	GlobalSection(ExtensibilityGlobals) = postSolution
		SolutionGuid = {CBCA8CEE-965C-4A27-91C8-8B053A2ECC9C}
	EndGlobalSection
EndGlobal
